
Microsoft Visual Studio Solution File, Format Version 12.00
# Visual Studio Version 16
VisualStudioVersion = 16.0.31702.278
MinimumVisualStudioVersion = 10.0.40219.1
Project("{FAE04EC0-301F-11D3-BF4B-00C04F79EFBC}") = "ExercicioHerançaEPolimorfismo1", "ExercicioHerançaEPolimorfismo1\ExercicioHerançaEPolimorfismo1.csproj", "{62D36DB8-CF3A-4C35-9BB0-6A38603D48A0}"
EndProject
Global
	GlobalSection(SolutionConfigurationPlatforms) = preSolution
		Debug|Any CPU = Debug|Any CPU
		Release|Any CPU = Release|Any CPU
	EndGlobalSection
	GlobalSection(ProjectConfigurationPlatforms) = postSolution
		{62D36DB8-CF3A-4C35-9BB0-6A38603D48A0}.Debug|Any CPU.ActiveCfg = Debug|Any CPU
		{62D36DB8-CF3A-4C35-9BB0-6A38603D48A0}.Debug|Any CPU.Build.0 = Debug|Any CPU
		{62D36DB8-CF3A-4C35-9BB0-6A38603D48A0}.Release|Any CPU.ActiveCfg = Release|Any CPU
		{62D36DB8-CF3A-4C35-9BB0-6A38603D48A0}.Release|Any CPU.Build.0 = Release|Any CPU
	EndGlobalSection
	GlobalSection(SolutionProperties) = preSolution
		HideSolutionNode = FALSE
	EndGlobalSection
	GlobalSection(ExtensibilityGlobals) = postSolution
		SolutionGuid = {6677CD7F-25D0-44B5-A5B8-780D183FDEE3}
	EndGlobalSection
EndGlobal
